
Microsoft Visual Studio Solution File, Format Version 12.00
# Visual Studio 15
VisualStudioVersion = 15.0.27428.2037
MinimumVisualStudioVersion = 10.0.40219.1
Project("{FAE04EC0-301F-11D3-BF4B-00C04F79EFBC}") = "VLAN Control", "VLAN Control\VLAN Control.csproj", "{A563A867-0112-4E15-9EB8-9208865D4AF6}"
EndProject
Global
	GlobalSection(SolutionConfigurationPlatforms) = preSolution
		Debug|Any CPU = Debug|Any CPU
		Release|Any CPU = Release|Any CPU
	EndGlobalSection
	GlobalSection(ProjectConfigurationPlatforms) = postSolution
		{A563A867-0112-4E15-9EB8-9208865D4AF6}.Debug|Any CPU.ActiveCfg = Debug|Any CPU
		{A563A867-0112-4E15-9EB8-9208865D4AF6}.Debug|Any CPU.Build.0 = Debug|Any CPU
		{A563A867-0112-4E15-9EB8-9208865D4AF6}.Release|Any CPU.ActiveCfg = Release|Any CPU
		{A563A867-0112-4E15-9EB8-9208865D4AF6}.Release|Any CPU.Build.0 = Release|Any CPU
	EndGlobalSection
	GlobalSection(SolutionProperties) = preSolution
		HideSolutionNode = FALSE
	EndGlobalSection
	GlobalSection(ExtensibilityGlobals) = postSolution
		SolutionGuid = {B1B54820-5B1F-4802-934D-049181086CF2}
	EndGlobalSection
EndGlobal
